
Microsoft Visual Studio Solution File, Format Version 12.00
# Visual Studio 2012
Project("{FAE04EC0-301F-11D3-BF4B-00C04F79EFBC}") = "abt", "abt\abt.csproj", "{FCE61C59-28C2-42D3-A473-6ACFE1E95AE2}"
EndProject
Project("{FAE04EC0-301F-11D3-BF4B-00C04F79EFBC}") = "seleniumabt", "seleniumabt\seleniumabt.csproj", "{CC2930EA-BAC6-44F3-B3DB-A3F54E2030F4}"
EndProject
Project("{FAE04EC0-301F-11D3-BF4B-00C04F79EFBC}") = "seleniumtest", "seleniumtest\seleniumtest.csproj", "{D1CC4C0A-5B0E-4C8B-91A8-BC548323D410}"
EndProject
Global
	GlobalSection(SubversionScc) = preSolution
		Svn-Managed = True
		Manager = AnkhSVN - Subversion Support for Visual Studio
	EndGlobalSection
	GlobalSection(SolutionConfigurationPlatforms) = preSolution
		Debug|Any CPU = Debug|Any CPU
		Release|Any CPU = Release|Any CPU
	EndGlobalSection
	GlobalSection(ProjectConfigurationPlatforms) = postSolution
		{FCE61C59-28C2-42D3-A473-6ACFE1E95AE2}.Debug|Any CPU.ActiveCfg = Debug|Any CPU
		{FCE61C59-28C2-42D3-A473-6ACFE1E95AE2}.Debug|Any CPU.Build.0 = Debug|Any CPU
		{FCE61C59-28C2-42D3-A473-6ACFE1E95AE2}.Release|Any CPU.ActiveCfg = Release|Any CPU
		{FCE61C59-28C2-42D3-A473-6ACFE1E95AE2}.Release|Any CPU.Build.0 = Release|Any CPU
		{CC2930EA-BAC6-44F3-B3DB-A3F54E2030F4}.Debug|Any CPU.ActiveCfg = Debug|Any CPU
		{CC2930EA-BAC6-44F3-B3DB-A3F54E2030F4}.Debug|Any CPU.Build.0 = Debug|Any CPU
		{CC2930EA-BAC6-44F3-B3DB-A3F54E2030F4}.Release|Any CPU.ActiveCfg = Release|Any CPU
		{CC2930EA-BAC6-44F3-B3DB-A3F54E2030F4}.Release|Any CPU.Build.0 = Release|Any CPU
		{D1CC4C0A-5B0E-4C8B-91A8-BC548323D410}.Debug|Any CPU.ActiveCfg = Debug|Any CPU
		{D1CC4C0A-5B0E-4C8B-91A8-BC548323D410}.Debug|Any CPU.Build.0 = Debug|Any CPU
		{D1CC4C0A-5B0E-4C8B-91A8-BC548323D410}.Release|Any CPU.ActiveCfg = Release|Any CPU
		{D1CC4C0A-5B0E-4C8B-91A8-BC548323D410}.Release|Any CPU.Build.0 = Release|Any CPU
	EndGlobalSection
	GlobalSection(SolutionProperties) = preSolution
		HideSolutionNode = FALSE
	EndGlobalSection
EndGlobal
