
Microsoft Visual Studio Solution File, Format Version 12.00
# Visual Studio 2012
Project("{FAE04EC0-301F-11D3-BF4B-00C04F79EFBC}") = "abt", "abt\abt.csproj", "{FCE61C59-28C2-42D3-A473-6ACFE1E95AE2}"
EndProject
Project("{FAE04EC0-301F-11D3-BF4B-00C04F79EFBC}") = "seleniumabt", "seleniumabt\seleniumabt.csproj", "{CC2930EA-BAC6-44F3-B3DB-A3F54E2030F4}"
EndProject
Project("{FAE04EC0-301F-11D3-BF4B-00C04F79EFBC}") = "seleniumtest", "seleniumtest\seleniumtest.csproj", "{D1CC4C0A-5B0E-4C8B-91A8-BC548323D410}"
EndProject
Project("{FAE04EC0-301F-11D3-BF4B-00C04F79EFBC}") = "codeduiabt", "codeduiabt\codeduiabt.csproj", "{C635E61F-38EA-40C1-A55B-2050FDDEB720}"
EndProject
Project("{FAE04EC0-301F-11D3-BF4B-00C04F79EFBC}") = "gd", "gd\gd.csproj", "{9C2F36ED-15FF-462F-87FF-13557929688D}"
EndProject
Project("{FAE04EC0-301F-11D3-BF4B-00C04F79EFBC}") = "ung", "ung\ung.csproj", "{3AF6EF16-C5C1-406B-B1B3-36914B6DA097}"
EndProject
Project("{FAE04EC0-301F-11D3-BF4B-00C04F79EFBC}") = "duoc", "duoc\duoc.csproj", "{86979AD2-016A-41DE-BBC0-EA804705A107}"
EndProject
Project("{FAE04EC0-301F-11D3-BF4B-00C04F79EFBC}") = "uiatest", "uiatest\uiatest.csproj", "{5D955004-0CDE-4A26-94BF-F44919EFDBD3}"
EndProject
Project("{2150E333-8FDC-42A3-9474-1A3956D46DE8}") = "ung.ngoc", "ung.ngoc", "{CE073CD7-3AC2-4927-9BC3-EB1FB9BDB636}"
EndProject
Project("{2150E333-8FDC-42A3-9474-1A3956D46DE8}") = "trinh.tu", "trinh.tu", "{B9166908-D52A-41C0-BA5B-309E10BFE3D6}"
EndProject
Project("{FAE04EC0-301F-11D3-BF4B-00C04F79EFBC}") = "selenium.auto", "selenium.auto\selenium.auto.csproj", "{362F151B-D4A0-4989-97A5-22782A225035}"
EndProject
Project("{FAE04EC0-301F-11D3-BF4B-00C04F79EFBC}") = "selenium.gui", "selenium.gui\selenium.gui.csproj", "{12726237-D691-4D8B-9429-744799AC05F8}"
EndProject
Project("{FAE04EC0-301F-11D3-BF4B-00C04F79EFBC}") = "uai.auto", "uai.auto\uai.auto.csproj", "{A83A88ED-DDE3-4E26-BE75-9638334FDD15}"
EndProject
Global
	GlobalSection(SubversionScc) = preSolution
		Svn-Managed = True
		Manager = AnkhSVN - Subversion Support for Visual Studio
	EndGlobalSection
	GlobalSection(SolutionConfigurationPlatforms) = preSolution
		Debug|Any CPU = Debug|Any CPU
		Release|Any CPU = Release|Any CPU
	EndGlobalSection
	GlobalSection(ProjectConfigurationPlatforms) = postSolution
		{FCE61C59-28C2-42D3-A473-6ACFE1E95AE2}.Debug|Any CPU.ActiveCfg = Debug|Any CPU
		{FCE61C59-28C2-42D3-A473-6ACFE1E95AE2}.Debug|Any CPU.Build.0 = Debug|Any CPU
		{FCE61C59-28C2-42D3-A473-6ACFE1E95AE2}.Release|Any CPU.ActiveCfg = Release|Any CPU
		{FCE61C59-28C2-42D3-A473-6ACFE1E95AE2}.Release|Any CPU.Build.0 = Release|Any CPU
		{CC2930EA-BAC6-44F3-B3DB-A3F54E2030F4}.Debug|Any CPU.ActiveCfg = Debug|Any CPU
		{CC2930EA-BAC6-44F3-B3DB-A3F54E2030F4}.Debug|Any CPU.Build.0 = Debug|Any CPU
		{CC2930EA-BAC6-44F3-B3DB-A3F54E2030F4}.Release|Any CPU.ActiveCfg = Release|Any CPU
		{CC2930EA-BAC6-44F3-B3DB-A3F54E2030F4}.Release|Any CPU.Build.0 = Release|Any CPU
		{D1CC4C0A-5B0E-4C8B-91A8-BC548323D410}.Debug|Any CPU.ActiveCfg = Debug|Any CPU
		{D1CC4C0A-5B0E-4C8B-91A8-BC548323D410}.Debug|Any CPU.Build.0 = Debug|Any CPU
		{D1CC4C0A-5B0E-4C8B-91A8-BC548323D410}.Release|Any CPU.ActiveCfg = Release|Any CPU
		{D1CC4C0A-5B0E-4C8B-91A8-BC548323D410}.Release|Any CPU.Build.0 = Release|Any CPU
		{C635E61F-38EA-40C1-A55B-2050FDDEB720}.Debug|Any CPU.ActiveCfg = Debug|Any CPU
		{C635E61F-38EA-40C1-A55B-2050FDDEB720}.Debug|Any CPU.Build.0 = Debug|Any CPU
		{C635E61F-38EA-40C1-A55B-2050FDDEB720}.Release|Any CPU.ActiveCfg = Release|Any CPU
		{C635E61F-38EA-40C1-A55B-2050FDDEB720}.Release|Any CPU.Build.0 = Release|Any CPU
		{9C2F36ED-15FF-462F-87FF-13557929688D}.Debug|Any CPU.ActiveCfg = Debug|Any CPU
		{9C2F36ED-15FF-462F-87FF-13557929688D}.Debug|Any CPU.Build.0 = Debug|Any CPU
		{9C2F36ED-15FF-462F-87FF-13557929688D}.Release|Any CPU.ActiveCfg = Release|Any CPU
		{9C2F36ED-15FF-462F-87FF-13557929688D}.Release|Any CPU.Build.0 = Release|Any CPU
		{3AF6EF16-C5C1-406B-B1B3-36914B6DA097}.Debug|Any CPU.ActiveCfg = Debug|Any CPU
		{3AF6EF16-C5C1-406B-B1B3-36914B6DA097}.Debug|Any CPU.Build.0 = Debug|Any CPU
		{3AF6EF16-C5C1-406B-B1B3-36914B6DA097}.Release|Any CPU.ActiveCfg = Release|Any CPU
		{3AF6EF16-C5C1-406B-B1B3-36914B6DA097}.Release|Any CPU.Build.0 = Release|Any CPU
		{86979AD2-016A-41DE-BBC0-EA804705A107}.Debug|Any CPU.ActiveCfg = Debug|Any CPU
		{86979AD2-016A-41DE-BBC0-EA804705A107}.Debug|Any CPU.Build.0 = Debug|Any CPU
		{86979AD2-016A-41DE-BBC0-EA804705A107}.Release|Any CPU.ActiveCfg = Release|Any CPU
		{86979AD2-016A-41DE-BBC0-EA804705A107}.Release|Any CPU.Build.0 = Release|Any CPU
		{5D955004-0CDE-4A26-94BF-F44919EFDBD3}.Debug|Any CPU.ActiveCfg = Debug|Any CPU
		{5D955004-0CDE-4A26-94BF-F44919EFDBD3}.Debug|Any CPU.Build.0 = Debug|Any CPU
		{5D955004-0CDE-4A26-94BF-F44919EFDBD3}.Release|Any CPU.ActiveCfg = Release|Any CPU
		{5D955004-0CDE-4A26-94BF-F44919EFDBD3}.Release|Any CPU.Build.0 = Release|Any CPU
		{362F151B-D4A0-4989-97A5-22782A225035}.Debug|Any CPU.ActiveCfg = Debug|Any CPU
		{362F151B-D4A0-4989-97A5-22782A225035}.Debug|Any CPU.Build.0 = Debug|Any CPU
		{362F151B-D4A0-4989-97A5-22782A225035}.Release|Any CPU.ActiveCfg = Release|Any CPU
		{362F151B-D4A0-4989-97A5-22782A225035}.Release|Any CPU.Build.0 = Release|Any CPU
		{12726237-D691-4D8B-9429-744799AC05F8}.Debug|Any CPU.ActiveCfg = Debug|Any CPU
		{12726237-D691-4D8B-9429-744799AC05F8}.Debug|Any CPU.Build.0 = Debug|Any CPU
		{12726237-D691-4D8B-9429-744799AC05F8}.Release|Any CPU.ActiveCfg = Release|Any CPU
		{12726237-D691-4D8B-9429-744799AC05F8}.Release|Any CPU.Build.0 = Release|Any CPU
		{A83A88ED-DDE3-4E26-BE75-9638334FDD15}.Debug|Any CPU.ActiveCfg = Debug|Any CPU
		{A83A88ED-DDE3-4E26-BE75-9638334FDD15}.Debug|Any CPU.Build.0 = Debug|Any CPU
		{A83A88ED-DDE3-4E26-BE75-9638334FDD15}.Release|Any CPU.ActiveCfg = Release|Any CPU
		{A83A88ED-DDE3-4E26-BE75-9638334FDD15}.Release|Any CPU.Build.0 = Release|Any CPU
	EndGlobalSection
	GlobalSection(SolutionProperties) = preSolution
		HideSolutionNode = FALSE
	EndGlobalSection
	GlobalSection(NestedProjects) = preSolution
		{362F151B-D4A0-4989-97A5-22782A225035} = {CE073CD7-3AC2-4927-9BC3-EB1FB9BDB636}
		{12726237-D691-4D8B-9429-744799AC05F8} = {CE073CD7-3AC2-4927-9BC3-EB1FB9BDB636}
		{A83A88ED-DDE3-4E26-BE75-9638334FDD15} = {B9166908-D52A-41C0-BA5B-309E10BFE3D6}
	EndGlobalSection
EndGlobal
